{
  "name": "client",
  "version": "0.0.1",
  "lockfileVersion": 2,
  "requires": true,
  "packages": {
    "": {
      "name": "client",
      "version": "0.0.1",
      "license": "GPL-3.0-or-later",
      "dependencies": {
        "@oneblink/sdk-core": "^0.4.1",
        "@oneblink/types": "github:oneblink/types",
        "@types/lodash.clonedeep": "^4.5.7"
      }
    },
    "node_modules/@oneblink/sdk-core": {
      "version": "0.4.1",
      "resolved": "https://registry.npmjs.org/@oneblink/sdk-core/-/sdk-core-0.4.1.tgz",
      "integrity": "sha512-y8dtVZJInT8gWsX0kGgaEq891BpAPUHHLmQz1haJcmzKeQ/NSeH2DrbUS8L/sY2UT72KfbbwaLu5EbhMOPrbOA==",
      "engines": {
        "node": ">=12",
        "npm": ">=8"
      }
    },
    "node_modules/@oneblink/types": {
      "version": "1.0.0",
      "resolved": "git+ssh://git@github.com/oneblink/types.git#632fc99e9b649bf5c24676e46de8c4f3dc49f7df",
      "license": "GPL-3.0-only",
      "engines": {
        "node": ">=16",
        "npm": ">=8"
      }
    },
    "node_modules/@types/lodash": {
      "version": "4.14.182",
      "resolved": "https://registry.npmjs.org/@types/lodash/-/lodash-4.14.182.tgz",
      "integrity": "sha512-/THyiqyQAP9AfARo4pF+aCGcyiQ94tX/Is2I7HofNRqoYLgN1PBoOWu2/zTA5zMxzP5EFutMtWtGAFRKUe961Q=="
    },
    "node_modules/@types/lodash.clonedeep": {
      "version": "4.5.7",
      "resolved": "https://registry.npmjs.org/@types/lodash.clonedeep/-/lodash.clonedeep-4.5.7.tgz",
      "integrity": "sha512-ccNqkPptFIXrpVqUECi60/DFxjNKsfoQxSQsgcBJCX/fuX1wgyQieojkcWH/KpE3xzLoWN/2k+ZeGqIN3paSvw==",
      "dependencies": {
        "@types/lodash": "*"
      }
    }
  },
  "dependencies": {
    "@oneblink/sdk-core": {
      "version": "0.4.1",
      "resolved": "https://registry.npmjs.org/@oneblink/sdk-core/-/sdk-core-0.4.1.tgz",
      "integrity": "sha512-y8dtVZJInT8gWsX0kGgaEq891BpAPUHHLmQz1haJcmzKeQ/NSeH2DrbUS8L/sY2UT72KfbbwaLu5EbhMOPrbOA=="
    },
    "@oneblink/types": {
      "version": "git+ssh://git@github.com/oneblink/types.git#632fc99e9b649bf5c24676e46de8c4f3dc49f7df",
      "from": "@oneblink/types@github:oneblink/types"
    },
    "@types/lodash": {
      "version": "4.14.182",
      "resolved": "https://registry.npmjs.org/@types/lodash/-/lodash-4.14.182.tgz",
      "integrity": "sha512-/THyiqyQAP9AfARo4pF+aCGcyiQ94tX/Is2I7HofNRqoYLgN1PBoOWu2/zTA5zMxzP5EFutMtWtGAFRKUe961Q=="
    },
    "@types/lodash.clonedeep": {
      "version": "4.5.7",
      "resolved": "https://registry.npmjs.org/@types/lodash.clonedeep/-/lodash.clonedeep-4.5.7.tgz",
      "integrity": "sha512-ccNqkPptFIXrpVqUECi60/DFxjNKsfoQxSQsgcBJCX/fuX1wgyQieojkcWH/KpE3xzLoWN/2k+ZeGqIN3paSvw==",
      "requires": {
        "@types/lodash": "*"
      }
    }
  }
}
